PODS:
  - Puyopuyo/Core (2.0.3)
  - Puyopuyo/Extra (2.0.3):
    - Puyopuyo/Core
  - RxSwift (5.0.0)
  - SnapKit (4.2.0)
  - TangramKit (1.4.0)

DEPENDENCIES:
  - Puyopuyo/Extra (from `../`)
  - RxSwift
  - SnapKit
  - TangramKit

SPEC REPOS:
  https://github.com/CocoaPods/Specs.git:
    - RxSwift
    - SnapKit
    - TangramKit

EXTERNAL SOURCES:
  Puyopuyo:
    :path: "../"

SPEC CHECKSUMS:
  Puyopuyo: d98375da1e46bca9657eb7cf8e5cc471a36669e3
  RxSwift: 8b0671caa829a763bbce7271095859121cbd895f
  SnapKit: fe8a619752f3f27075cc9a90244d75c6c3f27e2a
  TangramKit: 15ccb6480f0e32c284f0a076542a607226e158dd

PODFILE CHECKSUM: 710d60d14e3fc79894fa17d580b8f443c8b5ea97

COCOAPODS: 1.11.2
