PODS:
  - Puyopuyo/Core (0.1.0):
    - Puyopuyo/Util
  - Puyopuyo/TangramKit (0.1.0):
    - Puyopuyo/View
    - TangramKit
  - Puyopuyo/Util (0.1.0)
  - Puyopuyo/View (0.1.0):
    - Puyopuyo/Core
  - RxSwift (5.0.0)
  - SnapKit (4.2.0)
  - TangramKit (1.4.0)

DEPENDENCIES:
  - Puyopuyo/TangramKit (from `../`)
  - RxSwift
  - SnapKit
  - TangramKit

SPEC REPOS:
  https://github.com/CocoaPods/Specs.git:
    - RxSwift
    - SnapKit
    - TangramKit

EXTERNAL SOURCES:
  Puyopuyo:
    :path: "../"

SPEC CHECKSUMS:
  Puyopuyo: 754bd0a15cae01411f3cf264b9ad485c73931587
  RxSwift: 8b0671caa829a763bbce7271095859121cbd895f
  SnapKit: fe8a619752f3f27075cc9a90244d75c6c3f27e2a
  TangramKit: 15ccb6480f0e32c284f0a076542a607226e158dd

PODFILE CHECKSUM: 8221e2ae9805123fdd8704565ac9645f2a62b6a6

COCOAPODS: 1.8.4
