// !$*UTF8*$!
{
	archiveVersion = 1;
	classes = {
	};
	objectVersion = 46;
	objects = {

/* Begin PBXBuildFile section */
		09761F9224277700006983CB /* WIKIDemo.swift in Sources */ = {isa = PBXBuildFile; fileRef = 09761F9124277700006983CB /* WIKIDemo.swift */; };
		0982C1A02469AF730070F104 /* RecycleBoxPropertiesVC.swift in Sources */ = {isa = PBXBuildFile; fileRef = 0982C19F2469AF730070F104 /* RecycleBoxPropertiesVC.swift */; };
		09883C4A22C5E5FB006CE05A /* StyleTestViewController.swift in Sources */ = {isa = PBXBuildFile; fileRef = 09883C4922C5E5FB006CE05A /* StyleTestViewController.swift */; };
		09EA8E52243E1A45003F10D7 /* TGVC.swift in Sources */ = {isa = PBXBuildFile; fileRef = 09EA8E51243E1A45003F10D7 /* TGVC.swift */; };
		09F6FF172471A1F300F97053 /* SequenceBoxPropertiesVC.swift in Sources */ = {isa = PBXBuildFile; fileRef = 09F6FF162471A1F300F97053 /* SequenceBoxPropertiesVC.swift */; };
		607FACD61AFB9204008FA782 /* AppDelegate.swift in Sources */ = {isa = PBXBuildFile; fileRef = 607FACD51AFB9204008FA782 /* AppDelegate.swift */; };
		607FACDB1AFB9204008FA782 /* Main.storyboard in Resources */ = {isa = PBXBuildFile; fileRef = 607FACD91AFB9204008FA782 /* Main.storyboard */; };
		607FACDD1AFB9204008FA782 /* Images.xcassets in Resources */ = {isa = PBXBuildFile; fileRef = 607FACDC1AFB9204008FA782 /* Images.xcassets */; };
		607FACE01AFB9204008FA782 /* LaunchScreen.xib in Resources */ = {isa = PBXBuildFile; fileRef = 607FACDE1AFB9204008FA782 /* LaunchScreen.xib */; };
		607FACEC1AFB9204008FA782 /* Tests.swift in Sources */ = {isa = PBXBuildFile; fileRef = 607FACEB1AFB9204008FA782 /* Tests.swift */; };
		A8035A8223AE93BA00F8D613 /* TableBoxPropertiesVC.swift in Sources */ = {isa = PBXBuildFile; fileRef = A8035A8123AE93BA00F8D613 /* TableBoxPropertiesVC.swift */; };
		A81CE13C2310509B00E19E6B /* HBoxVC.swift in Sources */ = {isa = PBXBuildFile; fileRef = A81CE13B2310509B00E19E6B /* HBoxVC.swift */; };
		A81CE1492312EE6900E19E6B /* OptionView.swift in Sources */ = {isa = PBXBuildFile; fileRef = A81CE1482312EE6900E19E6B /* OptionView.swift */; };
		A846265123093E4E003A282C /* FlatMixVC.swift in Sources */ = {isa = PBXBuildFile; fileRef = A846265023093E4E003A282C /* FlatMixVC.swift */; };
		A84626542309574C003A282C /* TestVC.swift in Sources */ = {isa = PBXBuildFile; fileRef = A84626532309574C003A282C /* TestVC.swift */; };
		A84E5CC1239EB5AC0091D39B /* ZPropertiesVC.swift in Sources */ = {isa = PBXBuildFile; fileRef = A84E5CC0239EB5AC0091D39B /* ZPropertiesVC.swift */; };
		A8698302239CF98E00B3D514 /* _Scaffold.swift in Sources */ = {isa = PBXBuildFile; fileRef = A8698301239CF98E00B3D514 /* _Scaffold.swift */; };
		A86F4378233F45730008606F /* StylesViewController.m in Sources */ = {isa = PBXBuildFile; fileRef = A86F4377233F45730008606F /* StylesViewController.m */; };
		A86F437F233F60370008606F /* Styles.swift in Sources */ = {isa = PBXBuildFile; fileRef = A86F437E233F60370008606F /* Styles.swift */; };
		A86F4381233F9C100008606F /* StyleVC.swift in Sources */ = {isa = PBXBuildFile; fileRef = A86F4380233F9C100008606F /* StyleVC.swift */; };
		A8841064234B3DA60002B9EB /* BaseStyles.swift in Sources */ = {isa = PBXBuildFile; fileRef = A8841063234B3DA60002B9EB /* BaseStyles.swift */; };
		A8969BD723A629E000104403 /* ScrollBoxPropertiesVC.swift in Sources */ = {isa = PBXBuildFile; fileRef = A8969BD623A629E000104403 /* ScrollBoxPropertiesVC.swift */; };
		A8969BE323A67EAC00104403 /* NavigationBoxPropertiesVC.swift in Sources */ = {isa = PBXBuildFile; fileRef = A8969BE223A67EAC00104403 /* NavigationBoxPropertiesVC.swift */; };
		A897FCDC230AF7630061029E /* ListVC.swift in Sources */ = {isa = PBXBuildFile; fileRef = A897FCDB230AF7630061029E /* ListVC.swift */; };
		A897FCDE230AFBD80061029E /* Util.swift in Sources */ = {isa = PBXBuildFile; fileRef = A897FCDD230AFBD80061029E /* Util.swift */; };
		A8BB377C23AFD55000A88012 /* CollectionBoxPropertiesVC.swift in Sources */ = {isa = PBXBuildFile; fileRef = A8BB377B23AFD55000A88012 /* CollectionBoxPropertiesVC.swift */; };
		A8BCEEB62399620F002DB739 /* UIViewProertiesVC.swift in Sources */ = {isa = PBXBuildFile; fileRef = A8BCEEB52399620F002DB739 /* UIViewProertiesVC.swift */; };
		A8BCEEB823996424002DB739 /* SelectionView.swift in Sources */ = {isa = PBXBuildFile; fileRef = A8BCEEB723996424002DB739 /* SelectionView.swift */; };
		A8BEC48C239C9EB4001FD6BF /* DemoView.swift in Sources */ = {isa = PBXBuildFile; fileRef = A8BEC48B239C9EB4001FD6BF /* DemoView.swift */; };
		A8BEC48E239CD3E6001FD6BF /* DemoScroll.swift in Sources */ = {isa = PBXBuildFile; fileRef = A8BEC48D239CD3E6001FD6BF /* DemoScroll.swift */; };
		A8BEC490239CD656001FD6BF /* FlatPropertiesVC.swift in Sources */ = {isa = PBXBuildFile; fileRef = A8BEC48F239CD656001FD6BF /* FlatPropertiesVC.swift */; };
		A8BEC492239CDB6B001FD6BF /* FlowPropertiesVC.swift in Sources */ = {isa = PBXBuildFile; fileRef = A8BEC491239CDB6B001FD6BF /* FlowPropertiesVC.swift */; };
		A8BEC495239CDF5D001FD6BF /* AdvanceVC.swift in Sources */ = {isa = PBXBuildFile; fileRef = A8BEC494239CDF5D001FD6BF /* AdvanceVC.swift */; };
		A8C045C423A9424B00B2C5CA /* ss.m in Sources */ = {isa = PBXBuildFile; fileRef = A8C045C323A9424B00B2C5CA /* ss.m */; };
		A8D9430722FF3640002E487F /* VBoxVC.swift in Sources */ = {isa = PBXBuildFile; fileRef = A8D9430622FF3640002E487F /* VBoxVC.swift */; };
		A8D9430922FF3694002E487F /* Label.swift in Sources */ = {isa = PBXBuildFile; fileRef = A8D9430822FF3694002E487F /* Label.swift */; };
		A8D9430C22FF3937002E487F /* ZBoxVC.swift in Sources */ = {isa = PBXBuildFile; fileRef = A8D9430B22FF3937002E487F /* ZBoxVC.swift */; };
		A8D9430E22FFEB00002E487F /* ZBoxMenu.swift in Sources */ = {isa = PBXBuildFile; fileRef = A8D9430D22FFEB00002E487F /* ZBoxMenu.swift */; };
		A8D9431022FFEBE7002E487F /* FlatBoxMenu.swift in Sources */ = {isa = PBXBuildFile; fileRef = A8D9430F22FFEBE7002E487F /* FlatBoxMenu.swift */; };
		A8D9431222FFEC45002E487F /* ZBoxSizeVC.swift in Sources */ = {isa = PBXBuildFile; fileRef = A8D9431122FFEC45002E487F /* ZBoxSizeVC.swift */; };
		A8E53FB322C8E679000B2B6D /* BaseVC.swift in Sources */ = {isa = PBXBuildFile; fileRef = A8E53FB222C8E679000B2B6D /* BaseVC.swift */; };
		A8E53FB522C8E6BB000B2B6D /* MenuVC.swift in Sources */ = {isa = PBXBuildFile; fileRef = A8E53FB422C8E6BB000B2B6D /* MenuVC.swift */; };
		F57CB0F700D14D2257E5BC98 /* Pods_Puyopuyo_Tests.framework in Frameworks */ = {isa = PBXBuildFile; fileRef = BB7C29DBAEAF1D476E633CC8 /* Pods_Puyopuyo_Tests.framework */; };
		FCB331E1A7EC2D12730F60EE /* Pods_Puyopuyo_Example.framework in Frameworks */ = {isa = PBXBuildFile; fileRef = D0DA172BC8E94B2D60DDFC77 /* Pods_Puyopuyo_Example.framework */; };
/* End PBXBuildFile section */

/* Begin PBXContainerItemProxy section */
		607FACE61AFB9204008FA782 /* PBXContainerItemProxy */ = {
			isa = PBXContainerItemProxy;
			containerPortal = 607FACC81AFB9204008FA782 /* Project object */;
			proxyType = 1;
			remoteGlobalIDString = 607FACCF1AFB9204008FA782;
			remoteInfo = Puyopuyo;
		};
/* End PBXContainerItemProxy section */

/* Begin PBXFileReference section */
		029D039CF2FB7AD03311F02E /* Pods-Puyopuyo_Tests.debug.xcconfig */ = {isa = PBXFileReference; includeInIndex = 1; lastKnownFileType = text.xcconfig; name = "Pods-Puyopuyo_Tests.debug.xcconfig"; path = "Target Support Files/Pods-Puyopuyo_Tests/Pods-Puyopuyo_Tests.debug.xcconfig"; sourceTree = "<group>"; };
		093B861024012B64002AC9C6 /* Puyopuyo.framework */ = {isa = PBXFileReference; explicitFileType = wrapper.framework; path = Puyopuyo.framework; sourceTree = BUILT_PRODUCTS_DIR; };
		09761F9124277700006983CB /* WIKIDemo.swift */ = {isa = PBXFileReference; lastKnownFileType = sourcecode.swift; path = WIKIDemo.swift; sourceTree = "<group>"; };
		097B22AE2441F6290043B0A5 /* Puyopuyo_Example.entitlements */ = {isa = PBXFileReference; lastKnownFileType = text.plist.entitlements; path = Puyopuyo_Example.entitlements; sourceTree = "<group>"; };
		0982C19F2469AF730070F104 /* RecycleBoxPropertiesVC.swift */ = {isa = PBXFileReference; lastKnownFileType = sourcecode.swift; path = RecycleBoxPropertiesVC.swift; sourceTree = "<group>"; };
		09883C4922C5E5FB006CE05A /* StyleTestViewController.swift */ = {isa = PBXFileReference; lastKnownFileType = sourcecode.swift; path = StyleTestViewController.swift; sourceTree = "<group>"; };
		09EA8E51243E1A45003F10D7 /* TGVC.swift */ = {isa = PBXFileReference; lastKnownFileType = sourcecode.swift; path = TGVC.swift; sourceTree = "<group>"; };
		09F6FF162471A1F300F97053 /* SequenceBoxPropertiesVC.swift */ = {isa = PBXFileReference; lastKnownFileType = sourcecode.swift; path = SequenceBoxPropertiesVC.swift; sourceTree = "<group>"; };
		3324E3ECDF4649B3EFDB8B1A /* Puyopuyo.podspec */ = {isa = PBXFileReference; includeInIndex = 1; lastKnownFileType = text; name = Puyopuyo.podspec; path = ../Puyopuyo.podspec; sourceTree = "<group>"; xcLanguageSpecificationIdentifier = xcode.lang.ruby; };
		607FACD01AFB9204008FA782 /* Puyopuyo_Example.app */ = {isa = PBXFileReference; explicitFileType = wrapper.application; includeInIndex = 0; path = Puyopuyo_Example.app; sourceTree = BUILT_PRODUCTS_DIR; };
		607FACD41AFB9204008FA782 /* Info.plist */ = {isa = PBXFileReference; lastKnownFileType = text.plist.xml; path = Info.plist; sourceTree = "<group>"; };
		607FACD51AFB9204008FA782 /* AppDelegate.swift */ = {isa = PBXFileReference; lastKnownFileType = sourcecode.swift; path = AppDelegate.swift; sourceTree = "<group>"; };
		607FACDA1AFB9204008FA782 /* Base */ = {isa = PBXFileReference; lastKnownFileType = file.storyboard; name = Base; path = Base.lproj/Main.storyboard; sourceTree = "<group>"; };
		607FACDC1AFB9204008FA782 /* Images.xcassets */ = {isa = PBXFileReference; lastKnownFileType = folder.assetcatalog; path = Images.xcassets; sourceTree = "<group>"; };
		607FACDF1AFB9204008FA782 /* Base */ = {isa = PBXFileReference; lastKnownFileType = file.xib; name = Base; path = Base.lproj/LaunchScreen.xib; sourceTree = "<group>"; };
		607FACE51AFB9204008FA782 /* Puyopuyo_Tests.xctest */ = {isa = PBXFileReference; explicitFileType = wrapper.cfbundle; includeInIndex = 0; path = Puyopuyo_Tests.xctest; sourceTree = BUILT_PRODUCTS_DIR; };
		607FACEA1AFB9204008FA782 /* Info.plist */ = {isa = PBXFileReference; lastKnownFileType = text.plist.xml; path = Info.plist; sourceTree = "<group>"; };
		607FACEB1AFB9204008FA782 /* Tests.swift */ = {isa = PBXFileReference; lastKnownFileType = sourcecode.swift; path = Tests.swift; sourceTree = "<group>"; };
		77FB953E25BC3D91DC89F5C7 /* Pods-Puyopuyo_Example.release.xcconfig */ = {isa = PBXFileReference; includeInIndex = 1; lastKnownFileType = text.xcconfig; name = "Pods-Puyopuyo_Example.release.xcconfig"; path = "Target Support Files/Pods-Puyopuyo_Example/Pods-Puyopuyo_Example.release.xcconfig"; sourceTree = "<group>"; };
		A8035A8123AE93BA00F8D613 /* TableBoxPropertiesVC.swift */ = {isa = PBXFileReference; lastKnownFileType = sourcecode.swift; path = TableBoxPropertiesVC.swift; sourceTree = "<group>"; };
		A81CE13B2310509B00E19E6B /* HBoxVC.swift */ = {isa = PBXFileReference; lastKnownFileType = sourcecode.swift; path = HBoxVC.swift; sourceTree = "<group>"; };
		A81CE1482312EE6900E19E6B /* OptionView.swift */ = {isa = PBXFileReference; lastKnownFileType = sourcecode.swift; path = OptionView.swift; sourceTree = "<group>"; };
		A846265023093E4E003A282C /* FlatMixVC.swift */ = {isa = PBXFileReference; lastKnownFileType = sourcecode.swift; path = FlatMixVC.swift; sourceTree = "<group>"; };
		A84626532309574C003A282C /* TestVC.swift */ = {isa = PBXFileReference; lastKnownFileType = sourcecode.swift; path = TestVC.swift; sourceTree = "<group>"; };
		A84E5CC0239EB5AC0091D39B /* ZPropertiesVC.swift */ = {isa = PBXFileReference; lastKnownFileType = sourcecode.swift; path = ZPropertiesVC.swift; sourceTree = "<group>"; };
		A8698301239CF98E00B3D514 /* _Scaffold.swift */ = {isa = PBXFileReference; lastKnownFileType = sourcecode.swift; path = _Scaffold.swift; sourceTree = "<group>"; };
		A86F4375233F45730008606F /* Puyopuyo_Example-Bridging-Header.h */ = {isa = PBXFileReference; lastKnownFileType = sourcecode.c.h; path = "Puyopuyo_Example-Bridging-Header.h"; sourceTree = "<group>"; };
		A86F4376233F45730008606F /* StylesViewController.h */ = {isa = PBXFileReference; lastKnownFileType = sourcecode.c.h; path = StylesViewController.h; sourceTree = "<group>"; };
		A86F4377233F45730008606F /* StylesViewController.m */ = {isa = PBXFileReference; lastKnownFileType = sourcecode.c.objc; path = StylesViewController.m; sourceTree = "<group>"; };
		A86F437E233F60370008606F /* Styles.swift */ = {isa = PBXFileReference; lastKnownFileType = sourcecode.swift; path = Styles.swift; sourceTree = "<group>"; };
		A86F4380233F9C100008606F /* StyleVC.swift */ = {isa = PBXFileReference; lastKnownFileType = sourcecode.swift; path = StyleVC.swift; sourceTree = "<group>"; };
		A8841063234B3DA60002B9EB /* BaseStyles.swift */ = {isa = PBXFileReference; lastKnownFileType = sourcecode.swift; path = BaseStyles.swift; sourceTree = "<group>"; };
		A8969BD623A629E000104403 /* ScrollBoxPropertiesVC.swift */ = {isa = PBXFileReference; lastKnownFileType = sourcecode.swift; path = ScrollBoxPropertiesVC.swift; sourceTree = "<group>"; };
		A8969BE223A67EAC00104403 /* NavigationBoxPropertiesVC.swift */ = {isa = PBXFileReference; lastKnownFileType = sourcecode.swift; path = NavigationBoxPropertiesVC.swift; sourceTree = "<group>"; };
		A897FCDB230AF7630061029E /* ListVC.swift */ = {isa = PBXFileReference; lastKnownFileType = sourcecode.swift; path = ListVC.swift; sourceTree = "<group>"; };
		A897FCDD230AFBD80061029E /* Util.swift */ = {isa = PBXFileReference; lastKnownFileType = sourcecode.swift; path = Util.swift; sourceTree = "<group>"; };
		A8BB377B23AFD55000A88012 /* CollectionBoxPropertiesVC.swift */ = {isa = PBXFileReference; lastKnownFileType = sourcecode.swift; path = CollectionBoxPropertiesVC.swift; sourceTree = "<group>"; };
		A8BCEEB52399620F002DB739 /* UIViewProertiesVC.swift */ = {isa = PBXFileReference; lastKnownFileType = sourcecode.swift; path = UIViewProertiesVC.swift; sourceTree = "<group>"; };
		A8BCEEB723996424002DB739 /* SelectionView.swift */ = {isa = PBXFileReference; lastKnownFileType = sourcecode.swift; path = SelectionView.swift; sourceTree = "<group>"; };
		A8BEC48B239C9EB4001FD6BF /* DemoView.swift */ = {isa = PBXFileReference; lastKnownFileType = sourcecode.swift; path = DemoView.swift; sourceTree = "<group>"; };
		A8BEC48D239CD3E6001FD6BF /* DemoScroll.swift */ = {isa = PBXFileReference; lastKnownFileType = sourcecode.swift; path = DemoScroll.swift; sourceTree = "<group>"; };
		A8BEC48F239CD656001FD6BF /* FlatPropertiesVC.swift */ = {isa = PBXFileReference; lastKnownFileType = sourcecode.swift; path = FlatPropertiesVC.swift; sourceTree = "<group>"; };
		A8BEC491239CDB6B001FD6BF /* FlowPropertiesVC.swift */ = {isa = PBXFileReference; lastKnownFileType = sourcecode.swift; path = FlowPropertiesVC.swift; sourceTree = "<group>"; };
		A8BEC494239CDF5D001FD6BF /* AdvanceVC.swift */ = {isa = PBXFileReference; lastKnownFileType = sourcecode.swift; path = AdvanceVC.swift; sourceTree = "<group>"; };
		A8C045C223A9424B00B2C5CA /* ss.h */ = {isa = PBXFileReference; lastKnownFileType = sourcecode.c.h; path = ss.h; sourceTree = "<group>"; };
		A8C045C323A9424B00B2C5CA /* ss.m */ = {isa = PBXFileReference; lastKnownFileType = sourcecode.c.objc; path = ss.m; sourceTree = "<group>"; };
		A8D9430622FF3640002E487F /* VBoxVC.swift */ = {isa = PBXFileReference; lastKnownFileType = sourcecode.swift; path = VBoxVC.swift; sourceTree = "<group>"; };
		A8D9430822FF3694002E487F /* Label.swift */ = {isa = PBXFileReference; lastKnownFileType = sourcecode.swift; path = Label.swift; sourceTree = "<group>"; };
		A8D9430B22FF3937002E487F /* ZBoxVC.swift */ = {isa = PBXFileReference; lastKnownFileType = sourcecode.swift; path = ZBoxVC.swift; sourceTree = "<group>"; };
		A8D9430D22FFEB00002E487F /* ZBoxMenu.swift */ = {isa = PBXFileReference; lastKnownFileType = sourcecode.swift; path = ZBoxMenu.swift; sourceTree = "<group>"; };
		A8D9430F22FFEBE7002E487F /* FlatBoxMenu.swift */ = {isa = PBXFileReference; lastKnownFileType = sourcecode.swift; path = FlatBoxMenu.swift; sourceTree = "<group>"; };
		A8D9431122FFEC45002E487F /* ZBoxSizeVC.swift */ = {isa = PBXFileReference; lastKnownFileType = sourcecode.swift; path = ZBoxSizeVC.swift; sourceTree = "<group>"; };
		A8E53FB222C8E679000B2B6D /* BaseVC.swift */ = {isa = PBXFileReference; lastKnownFileType = sourcecode.swift; path = BaseVC.swift; sourceTree = "<group>"; };
		A8E53FB422C8E6BB000B2B6D /* MenuVC.swift */ = {isa = PBXFileReference; lastKnownFileType = sourcecode.swift; path = MenuVC.swift; sourceTree = "<group>"; };
		B80C4BDF60E8E994E6351B56 /* Pods-Puyopuyo_Example.debug.xcconfig */ = {isa = PBXFileReference; includeInIndex = 1; lastKnownFileType = text.xcconfig; name = "Pods-Puyopuyo_Example.debug.xcconfig"; path = "Target Support Files/Pods-Puyopuyo_Example/Pods-Puyopuyo_Example.debug.xcconfig"; sourceTree = "<group>"; };
		BB7C29DBAEAF1D476E633CC8 /* Pods_Puyopuyo_Tests.framework */ = {isa = PBXFileReference; explicitFileType = wrapper.framework; includeInIndex = 0; path = Pods_Puyopuyo_Tests.framework; sourceTree = BUILT_PRODUCTS_DIR; };
		D0DA172BC8E94B2D60DDFC77 /* Pods_Puyopuyo_Example.framework */ = {isa = PBXFileReference; explicitFileType = wrapper.framework; includeInIndex = 0; path = Pods_Puyopuyo_Example.framework; sourceTree = BUILT_PRODUCTS_DIR; };
		D5B8DC7A986335349E2B90E7 /* LICENSE */ = {isa = PBXFileReference; includeInIndex = 1; lastKnownFileType = text; name = LICENSE; path = ../LICENSE; sourceTree = "<group>"; };
		D8C53925C3060B52FD197F06 /* Pods-Puyopuyo_Tests.release.xcconfig */ = {isa = PBXFileReference; includeInIndex = 1; lastKnownFileType = text.xcconfig; name = "Pods-Puyopuyo_Tests.release.xcconfig"; path = "Target Support Files/Pods-Puyopuyo_Tests/Pods-Puyopuyo_Tests.release.xcconfig"; sourceTree = "<group>"; };
		F30339C217EBFE7273144FC5 /* README.md */ = {isa = PBXFileReference; includeInIndex = 1; lastKnownFileType = net.daringfireball.markdown; name = README.md; path = ../README.md; sourceTree = "<group>"; };
/* End PBXFileReference section */

/* Begin PBXFrameworksBuildPhase section */
		607FACCD1AFB9204008FA782 /* Frameworks */ = {
			isa = PBXFrameworksBuildPhase;
			buildActionMask = 2147483647;
			files = (
				FCB331E1A7EC2D12730F60EE /* Pods_Puyopuyo_Example.framework in Frameworks */,
			);
			runOnlyForDeploymentPostprocessing = 0;
		};
		607FACE21AFB9204008FA782 /* Frameworks */ = {
			isa = PBXFrameworksBuildPhase;
			buildActionMask = 2147483647;
			files = (
				F57CB0F700D14D2257E5BC98 /* Pods_Puyopuyo_Tests.framework in Frameworks */,
			);
			runOnlyForDeploymentPostprocessing = 0;
		};
/* End PBXFrameworksBuildPhase section */

/* Begin PBXGroup section */
		0C5282B985C6C1A8396298C0 /* Pods */ = {
			isa = PBXGroup;
			children = (
				B80C4BDF60E8E994E6351B56 /* Pods-Puyopuyo_Example.debug.xcconfig */,
				77FB953E25BC3D91DC89F5C7 /* Pods-Puyopuyo_Example.release.xcconfig */,
				029D039CF2FB7AD03311F02E /* Pods-Puyopuyo_Tests.debug.xcconfig */,
				D8C53925C3060B52FD197F06 /* Pods-Puyopuyo_Tests.release.xcconfig */,
			);
			path = Pods;
			sourceTree = "<group>";
		};
		607FACC71AFB9204008FA782 = {
			isa = PBXGroup;
			children = (
				097B22AE2441F6290043B0A5 /* Puyopuyo_Example.entitlements */,
				607FACF51AFB993E008FA782 /* Podspec Metadata */,
				607FACD21AFB9204008FA782 /* Example for Puyopuyo */,
				607FACE81AFB9204008FA782 /* Tests */,
				607FACD11AFB9204008FA782 /* Products */,
				0C5282B985C6C1A8396298C0 /* Pods */,
				CF1B3A46E0BA451826B245F4 /* Frameworks */,
			);
			sourceTree = "<group>";
		};
		607FACD11AFB9204008FA782 /* Products */ = {
			isa = PBXGroup;
			children = (
				607FACD01AFB9204008FA782 /* Puyopuyo_Example.app */,
				607FACE51AFB9204008FA782 /* Puyopuyo_Tests.xctest */,
			);
			name = Products;
			sourceTree = "<group>";
		};
		607FACD21AFB9204008FA782 /* Example for Puyopuyo */ = {
			isa = PBXGroup;
			children = (
				A8D9430222FF360B002E487F /* Demos */,
				607FACD51AFB9204008FA782 /* AppDelegate.swift */,
				607FACD91AFB9204008FA782 /* Main.storyboard */,
				607FACDC1AFB9204008FA782 /* Images.xcassets */,
				607FACDE1AFB9204008FA782 /* LaunchScreen.xib */,
				607FACD31AFB9204008FA782 /* Supporting Files */,
				09883C4922C5E5FB006CE05A /* StyleTestViewController.swift */,
				A86F4376233F45730008606F /* StylesViewController.h */,
				A86F4377233F45730008606F /* StylesViewController.m */,
				A86F4375233F45730008606F /* Puyopuyo_Example-Bridging-Header.h */,
			);
			name = "Example for Puyopuyo";
			path = Puyopuyo;
			sourceTree = "<group>";
		};
		607FACD31AFB9204008FA782 /* Supporting Files */ = {
			isa = PBXGroup;
			children = (
				607FACD41AFB9204008FA782 /* Info.plist */,
			);
			name = "Supporting Files";
			sourceTree = "<group>";
		};
		607FACE81AFB9204008FA782 /* Tests */ = {
			isa = PBXGroup;
			children = (
				607FACEB1AFB9204008FA782 /* Tests.swift */,
				607FACE91AFB9204008FA782 /* Supporting Files */,
			);
			path = Tests;
			sourceTree = "<group>";
		};
		607FACE91AFB9204008FA782 /* Supporting Files */ = {
			isa = PBXGroup;
			children = (
				607FACEA1AFB9204008FA782 /* Info.plist */,
			);
			name = "Supporting Files";
			sourceTree = "<group>";
		};
		607FACF51AFB993E008FA782 /* Podspec Metadata */ = {
			isa = PBXGroup;
			children = (
				3324E3ECDF4649B3EFDB8B1A /* Puyopuyo.podspec */,
				F30339C217EBFE7273144FC5 /* README.md */,
				D5B8DC7A986335349E2B90E7 /* LICENSE */,
			);
			name = "Podspec Metadata";
			sourceTree = "<group>";
		};
		A846265223095743003A282C /* Test */ = {
			isa = PBXGroup;
			children = (
				A84626532309574C003A282C /* TestVC.swift */,
				09761F9124277700006983CB /* WIKIDemo.swift */,
				09EA8E51243E1A45003F10D7 /* TGVC.swift */,
			);
			path = Test;
			sourceTree = "<group>";
		};
		A86F437D233F60290008606F /* Styles */ = {
			isa = PBXGroup;
			children = (
				A86F437E233F60370008606F /* Styles.swift */,
				A86F4380233F9C100008606F /* StyleVC.swift */,
			);
			path = Styles;
			sourceTree = "<group>";
		};
		A8841062234B3D9B0002B9EB /* BaseStyles */ = {
			isa = PBXGroup;
			children = (
				A8841063234B3DA60002B9EB /* BaseStyles.swift */,
			);
			path = BaseStyles;
			sourceTree = "<group>";
		};
		A8BCEEB4239961F6002DB739 /* Properties */ = {
			isa = PBXGroup;
			children = (
				A8BCEEB52399620F002DB739 /* UIViewProertiesVC.swift */,
				A8BEC48F239CD656001FD6BF /* FlatPropertiesVC.swift */,
				A8BEC491239CDB6B001FD6BF /* FlowPropertiesVC.swift */,
				A84E5CC0239EB5AC0091D39B /* ZPropertiesVC.swift */,
				A8969BD623A629E000104403 /* ScrollBoxPropertiesVC.swift */,
				A8969BE223A67EAC00104403 /* NavigationBoxPropertiesVC.swift */,
				A8035A8123AE93BA00F8D613 /* TableBoxPropertiesVC.swift */,
				A8BB377B23AFD55000A88012 /* CollectionBoxPropertiesVC.swift */,
				0982C19F2469AF730070F104 /* RecycleBoxPropertiesVC.swift */,
				09F6FF162471A1F300F97053 /* SequenceBoxPropertiesVC.swift */,
			);
			path = Properties;
			sourceTree = "<group>";
		};
		A8BEC493239CDF50001FD6BF /* Advance */ = {
			isa = PBXGroup;
			children = (
				A8BEC494239CDF5D001FD6BF /* AdvanceVC.swift */,
			);
			path = Advance;
			sourceTree = "<group>";
		};
		A8D9430222FF360B002E487F /* Demos */ = {
			isa = PBXGroup;
			children = (
				A8BEC493239CDF50001FD6BF /* Advance */,
				A8BCEEB4239961F6002DB739 /* Properties */,
				A8841062234B3D9B0002B9EB /* BaseStyles */,
				A86F437D233F60290008606F /* Styles */,
				A846265223095743003A282C /* Test */,
				A8D9430A22FF391C002E487F /* ZBox */,
				A8D9430522FF362B002E487F /* FlatBox */,
				A8D9430422FF3623002E487F /* Base */,
				A8D9430322FF3614002E487F /* Menu */,
			);
			path = Demos;
			sourceTree = "<group>";
		};
		A8D9430322FF3614002E487F /* Menu */ = {
			isa = PBXGroup;
			children = (
				A8E53FB422C8E6BB000B2B6D /* MenuVC.swift */,
			);
			path = Menu;
			sourceTree = "<group>";
		};
		A8D9430422FF3623002E487F /* Base */ = {
			isa = PBXGroup;
			children = (
				A8E53FB222C8E679000B2B6D /* BaseVC.swift */,
				A8D9430822FF3694002E487F /* Label.swift */,
				A897FCDD230AFBD80061029E /* Util.swift */,
				A81CE1482312EE6900E19E6B /* OptionView.swift */,
				A8BCEEB723996424002DB739 /* SelectionView.swift */,
				A8BEC48B239C9EB4001FD6BF /* DemoView.swift */,
				A8BEC48D239CD3E6001FD6BF /* DemoScroll.swift */,
				A8698301239CF98E00B3D514 /* _Scaffold.swift */,
				A8C045C223A9424B00B2C5CA /* ss.h */,
				A8C045C323A9424B00B2C5CA /* ss.m */,
			);
			path = Base;
			sourceTree = "<group>";
		};
		A8D9430522FF362B002E487F /* FlatBox */ = {
			isa = PBXGroup;
			children = (
				A8D9430622FF3640002E487F /* VBoxVC.swift */,
				A8D9430F22FFEBE7002E487F /* FlatBoxMenu.swift */,
				A846265023093E4E003A282C /* FlatMixVC.swift */,
				A897FCDB230AF7630061029E /* ListVC.swift */,
				A81CE13B2310509B00E19E6B /* HBoxVC.swift */,
			);
			path = FlatBox;
			sourceTree = "<group>";
		};
		A8D9430A22FF391C002E487F /* ZBox */ = {
			isa = PBXGroup;
			children = (
				A8D9430B22FF3937002E487F /* ZBoxVC.swift */,
				A8D9430D22FFEB00002E487F /* ZBoxMenu.swift */,
				A8D9431122FFEC45002E487F /* ZBoxSizeVC.swift */,
			);
			path = ZBox;
			sourceTree = "<group>";
		};
		CF1B3A46E0BA451826B245F4 /* Frameworks */ = {
			isa = PBXGroup;
			children = (
				093B861024012B64002AC9C6 /* Puyopuyo.framework */,
				D0DA172BC8E94B2D60DDFC77 /* Pods_Puyopuyo_Example.framework */,
				BB7C29DBAEAF1D476E633CC8 /* Pods_Puyopuyo_Tests.framework */,
			);
			name = Frameworks;
			sourceTree = "<group>";
		};
/* End PBXGroup section */

/* Begin PBXNativeTarget section */
		607FACCF1AFB9204008FA782 /* Puyopuyo_Example */ = {
			isa = PBXNativeTarget;
			buildConfigurationList = 607FACEF1AFB9204008FA782 /* Build configuration list for PBXNativeTarget "Puyopuyo_Example" */;
			buildPhases = (
				212F890CA040C251CAA82075 /* [CP] Check Pods Manifest.lock */,
				607FACCC1AFB9204008FA782 /* Sources */,
				607FACCD1AFB9204008FA782 /* Frameworks */,
				607FACCE1AFB9204008FA782 /* Resources */,
				2CD4442C6502CAB5F23EA3A2 /* [CP] Embed Pods Frameworks */,
			);
			buildRules = (
			);
			dependencies = (
			);
			name = Puyopuyo_Example;
			productName = Puyopuyo;
			productReference = 607FACD01AFB9204008FA782 /* Puyopuyo_Example.app */;
			productType = "com.apple.product-type.application";
		};
		607FACE41AFB9204008FA782 /* Puyopuyo_Tests */ = {
			isa = PBXNativeTarget;
			buildConfigurationList = 607FACF21AFB9204008FA782 /* Build configuration list for PBXNativeTarget "Puyopuyo_Tests" */;
			buildPhases = (
				89F2DE349792D2587F75838D /* [CP] Check Pods Manifest.lock */,
				607FACE11AFB9204008FA782 /* Sources */,
				607FACE21AFB9204008FA782 /* Frameworks */,
				607FACE31AFB9204008FA782 /* Resources */,
			);
			buildRules = (
			);
			dependencies = (
				607FACE71AFB9204008FA782 /* PBXTargetDependency */,
			);
			name = Puyopuyo_Tests;
			productName = Tests;
			productReference = 607FACE51AFB9204008FA782 /* Puyopuyo_Tests.xctest */;
			productType = "com.apple.product-type.bundle.unit-test";
		};
/* End PBXNativeTarget section */

/* Begin PBXProject section */
		607FACC81AFB9204008FA782 /* Project object */ = {
			isa = PBXProject;
			attributes = {
				LastSwiftUpdateCheck = 0830;
				LastUpgradeCheck = 1130;
				ORGANIZATIONNAME = CocoaPods;
				TargetAttributes = {
					607FACCF1AFB9204008FA782 = {
						CreatedOnToolsVersion = 6.3.1;
						DevelopmentTeam = FJ535WN7FW;
						LastSwiftMigration = 1130;
					};
					607FACE41AFB9204008FA782 = {
						CreatedOnToolsVersion = 6.3.1;
						DevelopmentTeam = FJ535WN7FW;
						LastSwiftMigration = 1130;
						TestTargetID = 607FACCF1AFB9204008FA782;
					};
				};
			};
			buildConfigurationList = 607FACCB1AFB9204008FA782 /* Build configuration list for PBXProject "Puyopuyo" */;
			compatibilityVersion = "Xcode 3.2";
			developmentRegion = en;
			hasScannedForEncodings = 0;
			knownRegions = (
				en,
				Base,
			);
			mainGroup = 607FACC71AFB9204008FA782;
			productRefGroup = 607FACD11AFB9204008FA782 /* Products */;
			projectDirPath = "";
			projectRoot = "";
			targets = (
				607FACCF1AFB9204008FA782 /* Puyopuyo_Example */,
				607FACE41AFB9204008FA782 /* Puyopuyo_Tests */,
			);
		};
/* End PBXProject section */

/* Begin PBXResourcesBuildPhase section */
		607FACCE1AFB9204008FA782 /* Resources */ = {
			isa = PBXResourcesBuildPhase;
			buildActionMask = 2147483647;
			files = (
				607FACDB1AFB9204008FA782 /* Main.storyboard in Resources */,
				607FACE01AFB9204008FA782 /* LaunchScreen.xib in Resources */,
				607FACDD1AFB9204008FA782 /* Images.xcassets in Resources */,
			);
			runOnlyForDeploymentPostprocessing = 0;
		};
		607FACE31AFB9204008FA782 /* Resources */ = {
			isa = PBXResourcesBuildPhase;
			buildActionMask = 2147483647;
			files = (
			);
			runOnlyForDeploymentPostprocessing = 0;
		};
/* End PBXResourcesBuildPhase section */

/* Begin PBXShellScriptBuildPhase section */
		212F890CA040C251CAA82075 /* [CP] Check Pods Manifest.lock */ = {
			isa = PBXShellScriptBuildPhase;
			buildActionMask = 2147483647;
			files = (
			);
			inputFileListPaths = (
			);
			inputPaths = (
				"${PODS_PODFILE_DIR_PATH}/Podfile.lock",
				"${PODS_ROOT}/Manifest.lock",
			);
			name = "[CP] Check Pods Manifest.lock";
			outputFileListPaths = (
			);
			outputPaths = (
				"$(DERIVED_FILE_DIR)/Pods-Puyopuyo_Example-checkManifestLockResult.txt",
			);
			runOnlyForDeploymentPostprocessing = 0;
			shellPath = /bin/sh;
			shellScript = "diff \"${PODS_PODFILE_DIR_PATH}/Podfile.lock\" \"${PODS_ROOT}/Manifest.lock\" > /dev/null\nif [ $? != 0 ] ; then\n    # print error to STDERR\n    echo \"error: The sandbox is not in sync with the Podfile.lock. Run 'pod install' or update your CocoaPods installation.\" >&2\n    exit 1\nfi\n# This output is used by Xcode 'outputs' to avoid re-running this script phase.\necho \"SUCCESS\" > \"${SCRIPT_OUTPUT_FILE_0}\"\n";
			showEnvVarsInLog = 0;
		};
		2CD4442C6502CAB5F23EA3A2 /* [CP] Embed Pods Frameworks */ = {
			isa = PBXShellScriptBuildPhase;
			buildActionMask = 2147483647;
			files = (
			);
			inputPaths = (
				"${PODS_ROOT}/Target Support Files/Pods-Puyopuyo_Example/Pods-Puyopuyo_Example-frameworks.sh",
				"${BUILT_PRODUCTS_DIR}/Puyopuyo/Puyopuyo.framework",
				"${BUILT_PRODUCTS_DIR}/RxSwift/RxSwift.framework",
				"${BUILT_PRODUCTS_DIR}/SnapKit/SnapKit.framework",
				"${BUILT_PRODUCTS_DIR}/TangramKit/TangramKit.framework",
			);
			name = "[CP] Embed Pods Frameworks";
			outputPaths = (
				"${TARGET_BUILD_DIR}/${FRAMEWORKS_FOLDER_PATH}/Puyopuyo.framework",
				"${TARGET_BUILD_DIR}/${FRAMEWORKS_FOLDER_PATH}/RxSwift.framework",
				"${TARGET_BUILD_DIR}/${FRAMEWORKS_FOLDER_PATH}/SnapKit.framework",
				"${TARGET_BUILD_DIR}/${FRAMEWORKS_FOLDER_PATH}/TangramKit.framework",
			);
			runOnlyForDeploymentPostprocessing = 0;
			shellPath = /bin/sh;
			shellScript = "\"${PODS_ROOT}/Target Support Files/Pods-Puyopuyo_Example/Pods-Puyopuyo_Example-frameworks.sh\"\n";
			showEnvVarsInLog = 0;
		};
		89F2DE349792D2587F75838D /* [CP] Check Pods Manifest.lock */ = {
			isa = PBXShellScriptBuildPhase;
			buildActionMask = 2147483647;
			files = (
			);
			inputFileListPaths = (
			);
			inputPaths = (
				"${PODS_PODFILE_DIR_PATH}/Podfile.lock",
				"${PODS_ROOT}/Manifest.lock",
			);
			name = "[CP] Check Pods Manifest.lock";
			outputFileListPaths = (
			);
			outputPaths = (
				"$(DERIVED_FILE_DIR)/Pods-Puyopuyo_Tests-checkManifestLockResult.txt",
			);
			runOnlyForDeploymentPostprocessing = 0;
			shellPath = /bin/sh;
			shellScript = "diff \"${PODS_PODFILE_DIR_PATH}/Podfile.lock\" \"${PODS_ROOT}/Manifest.lock\" > /dev/null\nif [ $? != 0 ] ; then\n    # print error to STDERR\n    echo \"error: The sandbox is not in sync with the Podfile.lock. Run 'pod install' or update your CocoaPods installation.\" >&2\n    exit 1\nfi\n# This output is used by Xcode 'outputs' to avoid re-running this script phase.\necho \"SUCCESS\" > \"${SCRIPT_OUTPUT_FILE_0}\"\n";
			showEnvVarsInLog = 0;
		};
/* End PBXShellScriptBuildPhase section */

/* Begin PBXSourcesBuildPhase section */
		607FACCC1AFB9204008FA782 /* Sources */ = {
			isa = PBXSourcesBuildPhase;
			buildActionMask = 2147483647;
			files = (
				A8D9431222FFEC45002E487F /* ZBoxSizeVC.swift in Sources */,
				A8BEC495239CDF5D001FD6BF /* AdvanceVC.swift in Sources */,
				09761F9224277700006983CB /* WIKIDemo.swift in Sources */,
				A8698302239CF98E00B3D514 /* _Scaffold.swift in Sources */,
				A8BB377C23AFD55000A88012 /* CollectionBoxPropertiesVC.swift in Sources */,
				A846265123093E4E003A282C /* FlatMixVC.swift in Sources */,
				A8BEC490239CD656001FD6BF /* FlatPropertiesVC.swift in Sources */,
				A8D9430C22FF3937002E487F /* ZBoxVC.swift in Sources */,
				09EA8E52243E1A45003F10D7 /* TGVC.swift in Sources */,
				A81CE1492312EE6900E19E6B /* OptionView.swift in Sources */,
				A86F4381233F9C100008606F /* StyleVC.swift in Sources */,
				A8D9430722FF3640002E487F /* VBoxVC.swift in Sources */,
				A8BEC48E239CD3E6001FD6BF /* DemoScroll.swift in Sources */,
				A8D9431022FFEBE7002E487F /* FlatBoxMenu.swift in Sources */,
				09883C4A22C5E5FB006CE05A /* StyleTestViewController.swift in Sources */,
				607FACD61AFB9204008FA782 /* AppDelegate.swift in Sources */,
				A86F4378233F45730008606F /* StylesViewController.m in Sources */,
				A84E5CC1239EB5AC0091D39B /* ZPropertiesVC.swift in Sources */,
				A8E53FB322C8E679000B2B6D /* BaseVC.swift in Sources */,
				0982C1A02469AF730070F104 /* RecycleBoxPropertiesVC.swift in Sources */,
				A8841064234B3DA60002B9EB /* BaseStyles.swift in Sources */,
				A8E53FB522C8E6BB000B2B6D /* MenuVC.swift in Sources */,
				A8035A8223AE93BA00F8D613 /* TableBoxPropertiesVC.swift in Sources */,
				A897FCDE230AFBD80061029E /* Util.swift in Sources */,
				A897FCDC230AF7630061029E /* ListVC.swift in Sources */,
				A86F437F233F60370008606F /* Styles.swift in Sources */,
				A8D9430E22FFEB00002E487F /* ZBoxMenu.swift in Sources */,
				A8969BD723A629E000104403 /* ScrollBoxPropertiesVC.swift in Sources */,
				A8969BE323A67EAC00104403 /* NavigationBoxPropertiesVC.swift in Sources */,
				A8D9430922FF3694002E487F /* Label.swift in Sources */,
				09F6FF172471A1F300F97053 /* SequenceBoxPropertiesVC.swift in Sources */,
				A8BCEEB62399620F002DB739 /* UIViewProertiesVC.swift in Sources */,
				A8BEC492239CDB6B001FD6BF /* FlowPropertiesVC.swift in Sources */,
				A84626542309574C003A282C /* TestVC.swift in Sources */,
				A81CE13C2310509B00E19E6B /* HBoxVC.swift in Sources */,
				A8C045C423A9424B00B2C5CA /* ss.m in Sources */,
				A8BCEEB823996424002DB739 /* SelectionView.swift in Sources */,
				A8BEC48C239C9EB4001FD6BF /* DemoView.swift in Sources */,
			);
			runOnlyForDeploymentPostprocessing = 0;
		};
		607FACE11AFB9204008FA782 /* Sources */ = {
			isa = PBXSourcesBuildPhase;
			buildActionMask = 2147483647;
			files = (
				607FACEC1AFB9204008FA782 /* Tests.swift in Sources */,
			);
			runOnlyForDeploymentPostprocessing = 0;
		};
/* End PBXSourcesBuildPhase section */

/* Begin PBXTargetDependency section */
		607FACE71AFB9204008FA782 /* PBXTargetDependency */ = {
			isa = PBXTargetDependency;
			target = 607FACCF1AFB9204008FA782 /* Puyopuyo_Example */;
			targetProxy = 607FACE61AFB9204008FA782 /* PBXContainerItemProxy */;
		};
/* End PBXTargetDependency section */

/* Begin PBXVariantGroup section */
		607FACD91AFB9204008FA782 /* Main.storyboard */ = {
			isa = PBXVariantGroup;
			children = (
				607FACDA1AFB9204008FA782 /* Base */,
			);
			name = Main.storyboard;
			sourceTree = "<group>";
		};
		607FACDE1AFB9204008FA782 /* LaunchScreen.xib */ = {
			isa = PBXVariantGroup;
			children = (
				607FACDF1AFB9204008FA782 /* Base */,
			);
			name = LaunchScreen.xib;
			sourceTree = "<group>";
		};
/* End PBXVariantGroup section */

/* Begin XCBuildConfiguration section */
		607FACED1AFB9204008FA782 /* Debug */ = {
			isa = XCBuildConfiguration;
			buildSettings = {
				ALWAYS_SEARCH_USER_PATHS = NO;
				CLANG_ANALYZER_LOCALIZABILITY_NONLOCALIZED = YES;
				CLANG_CXX_LANGUAGE_STANDARD = "gnu++0x";
				CLANG_CXX_LIBRARY = "libc++";
				CLANG_ENABLE_MODULES = YES;
				CLANG_ENABLE_OBJC_ARC = YES;
				CLANG_WARN_BLOCK_CAPTURE_AUTORELEASING = YES;
				CLANG_WARN_BOOL_CONVERSION = YES;
				CLANG_WARN_COMMA = YES;
				CLANG_WARN_CONSTANT_CONVERSION = YES;
				CLANG_WARN_DEPRECATED_OBJC_IMPLEMENTATIONS = YES;
				CLANG_WARN_DIRECT_OBJC_ISA_USAGE = YES_ERROR;
				CLANG_WARN_EMPTY_BODY = YES;
				CLANG_WARN_ENUM_CONVERSION = YES;
				CLANG_WARN_INFINITE_RECURSION = YES;
				CLANG_WARN_INT_CONVERSION = YES;
				CLANG_WARN_NON_LITERAL_NULL_CONVERSION = YES;
				CLANG_WARN_OBJC_IMPLICIT_RETAIN_SELF = YES;
				CLANG_WARN_OBJC_LITERAL_CONVERSION = YES;
				CLANG_WARN_OBJC_ROOT_CLASS = YES_ERROR;
				CLANG_WARN_RANGE_LOOP_ANALYSIS = YES;
				CLANG_WARN_STRICT_PROTOTYPES = YES;
				CLANG_WARN_SUSPICIOUS_MOVE = YES;
				CLANG_WARN_UNREACHABLE_CODE = YES;
				CLANG_WARN__DUPLICATE_METHOD_MATCH = YES;
				"CODE_SIGN_IDENTITY[sdk=iphoneos*]" = "iPhone Developer";
				COPY_PHASE_STRIP = NO;
				DEBUG_INFORMATION_FORMAT = "dwarf-with-dsym";
				ENABLE_STRICT_OBJC_MSGSEND = YES;
				ENABLE_TESTABILITY = YES;
				GCC_C_LANGUAGE_STANDARD = gnu99;
				GCC_DYNAMIC_NO_PIC = NO;
				GCC_NO_COMMON_BLOCKS = YES;
				GCC_OPTIMIZATION_LEVEL = 0;
				GCC_PREPROCESSOR_DEFINITIONS = (
					"DEBUG=1",
					"$(inherited)",
				);
				GCC_SYMBOLS_PRIVATE_EXTERN = NO;
				GCC_WARN_64_TO_32_BIT_CONVERSION = YES;
				GCC_WARN_ABOUT_RETURN_TYPE = YES_ERROR;
				GCC_WARN_UNDECLARED_SELECTOR = YES;
				GCC_WARN_UNINITIALIZED_AUTOS = YES_AGGRESSIVE;
				GCC_WARN_UNUSED_FUNCTION = YES;
				GCC_WARN_UNUSED_VARIABLE = YES;
				IPHONEOS_DEPLOYMENT_TARGET = 9.3;
				MTL_ENABLE_DEBUG_INFO = YES;
				ONLY_ACTIVE_ARCH = YES;
				SDKROOT = iphoneos;
				SWIFT_OPTIMIZATION_LEVEL = "-Onone";
			};
			name = Debug;
		};
		607FACEE1AFB9204008FA782 /* Release */ = {
			isa = XCBuildConfiguration;
			buildSettings = {
				ALWAYS_SEARCH_USER_PATHS = NO;
				CLANG_ANALYZER_LOCALIZABILITY_NONLOCALIZED = YES;
				CLANG_CXX_LANGUAGE_STANDARD = "gnu++0x";
				CLANG_CXX_LIBRARY = "libc++";
				CLANG_ENABLE_MODULES = YES;
				CLANG_ENABLE_OBJC_ARC = YES;
				CLANG_WARN_BLOCK_CAPTURE_AUTORELEASING = YES;
				CLANG_WARN_BOOL_CONVERSION = YES;
				CLANG_WARN_COMMA = YES;
				CLANG_WARN_CONSTANT_CONVERSION = YES;
				CLANG_WARN_DEPRECATED_OBJC_IMPLEMENTATIONS = YES;
				CLANG_WARN_DIRECT_OBJC_ISA_USAGE = YES_ERROR;
				CLANG_WARN_EMPTY_BODY = YES;
				CLANG_WARN_ENUM_CONVERSION = YES;
				CLANG_WARN_INFINITE_RECURSION = YES;
				CLANG_WARN_INT_CONVERSION = YES;
				CLANG_WARN_NON_LITERAL_NULL_CONVERSION = YES;
				CLANG_WARN_OBJC_IMPLICIT_RETAIN_SELF = YES;
				CLANG_WARN_OBJC_LITERAL_CONVERSION = YES;
				CLANG_WARN_OBJC_ROOT_CLASS = YES_ERROR;
				CLANG_WARN_RANGE_LOOP_ANALYSIS = YES;
				CLANG_WARN_STRICT_PROTOTYPES = YES;
				CLANG_WARN_SUSPICIOUS_MOVE = YES;
				CLANG_WARN_UNREACHABLE_CODE = YES;
				CLANG_WARN__DUPLICATE_METHOD_MATCH = YES;
				"CODE_SIGN_IDENTITY[sdk=iphoneos*]" = "iPhone Developer";
				COPY_PHASE_STRIP = NO;
				DEBUG_INFORMATION_FORMAT = "dwarf-with-dsym";
				ENABLE_NS_ASSERTIONS = NO;
				ENABLE_STRICT_OBJC_MSGSEND = YES;
				GCC_C_LANGUAGE_STANDARD = gnu99;
				GCC_NO_COMMON_BLOCKS = YES;
				GCC_WARN_64_TO_32_BIT_CONVERSION = YES;
				GCC_WARN_ABOUT_RETURN_TYPE = YES_ERROR;
				GCC_WARN_UNDECLARED_SELECTOR = YES;
				GCC_WARN_UNINITIALIZED_AUTOS = YES_AGGRESSIVE;
				GCC_WARN_UNUSED_FUNCTION = YES;
				GCC_WARN_UNUSED_VARIABLE = YES;
				IPHONEOS_DEPLOYMENT_TARGET = 9.3;
				MTL_ENABLE_DEBUG_INFO = NO;
				SDKROOT = iphoneos;
				SWIFT_OPTIMIZATION_LEVEL = "-Owholemodule";
				VALIDATE_PRODUCT = YES;
			};
			name = Release;
		};
		607FACF01AFB9204008FA782 /* Debug */ = {
			isa = XCBuildConfiguration;
			baseConfigurationReference = B80C4BDF60E8E994E6351B56 /* Pods-Puyopuyo_Example.debug.xcconfig */;
			buildSettings = {
				ASSETCATALOG_COMPILER_APPICON_NAME = AppIcon;
				CLANG_ENABLE_MODULES = YES;
				CODE_SIGN_ENTITLEMENTS = Puyopuyo_Example.entitlements;
				DEVELOPMENT_TEAM = FJ535WN7FW;
				ENABLE_BITCODE = NO;
				INFOPLIST_FILE = Puyopuyo/Info.plist;
				LD_RUNPATH_SEARCH_PATHS = "$(inherited) @executable_path/Frameworks";
				MODULE_NAME = ExampleApp;
				PRODUCT_BUNDLE_IDENTIFIER = "org.cocoapods.demo.Puyopuyo-Example111";
				PRODUCT_NAME = "$(TARGET_NAME)";
				SUPPORTS_MACCATALYST = YES;
				SWIFT_OBJC_BRIDGING_HEADER = "Puyopuyo/Puyopuyo_Example-Bridging-Header.h";
				SWIFT_OPTIMIZATION_LEVEL = "-Onone";
				SWIFT_SWIFT3_OBJC_INFERENCE = Default;
				SWIFT_VERSION = 5.0;
				TARGETED_DEVICE_FAMILY = "1,2";
			};
			name = Debug;
		};
		607FACF11AFB9204008FA782 /* Release */ = {
			isa = XCBuildConfiguration;
			baseConfigurationReference = 77FB953E25BC3D91DC89F5C7 /* Pods-Puyopuyo_Example.release.xcconfig */;
			buildSettings = {
				ASSETCATALOG_COMPILER_APPICON_NAME = AppIcon;
				CLANG_ENABLE_MODULES = YES;
				CODE_SIGN_ENTITLEMENTS = Puyopuyo_Example.entitlements;
				DEVELOPMENT_TEAM = FJ535WN7FW;
				ENABLE_BITCODE = NO;
				INFOPLIST_FILE = Puyopuyo/Info.plist;
				LD_RUNPATH_SEARCH_PATHS = "$(inherited) @executable_path/Frameworks";
				MODULE_NAME = ExampleApp;
				PRODUCT_BUNDLE_IDENTIFIER = "org.cocoapods.demo.Puyopuyo-Example111";
				PRODUCT_NAME = "$(TARGET_NAME)";
				SUPPORTS_MACCATALYST = YES;
				SWIFT_OBJC_BRIDGING_HEADER = "Puyopuyo/Puyopuyo_Example-Bridging-Header.h";
				SWIFT_SWIFT3_OBJC_INFERENCE = Default;
				SWIFT_VERSION = 5.0;
				TARGETED_DEVICE_FAMILY = "1,2";
			};
			name = Release;
		};
		607FACF31AFB9204008FA782 /* Debug */ = {
			isa = XCBuildConfiguration;
			baseConfigurationReference = 029D039CF2FB7AD03311F02E /* Pods-Puyopuyo_Tests.debug.xcconfig */;
			buildSettings = {
				DEVELOPMENT_TEAM = FJ535WN7FW;
				FRAMEWORK_SEARCH_PATHS = (
					"$(SDKROOT)/Developer/Library/Frameworks",
					"$(inherited)",
				);
				GCC_PREPROCESSOR_DEFINITIONS = (
					"DEBUG=1",
					"$(inherited)",
				);
				INFOPLIST_FILE = Tests/Info.plist;
				LD_RUNPATH_SEARCH_PATHS = "$(inherited) @executable_path/Frameworks @loader_path/Frameworks";
				PRODUCT_BUNDLE_IDENTIFIER = "org.cocoapods.$(PRODUCT_NAME:rfc1034identifier)";
				PRODUCT_NAME = "$(TARGET_NAME)";
				SWIFT_SWIFT3_OBJC_INFERENCE = Default;
				SWIFT_VERSION = 4.0;
				TEST_HOST = "$(BUILT_PRODUCTS_DIR)/Puyopuyo_Example.app/Puyopuyo_Example";
			};
			name = Debug;
		};
		607FACF41AFB9204008FA782 /* Release */ = {
			isa = XCBuildConfiguration;
			baseConfigurationReference = D8C53925C3060B52FD197F06 /* Pods-Puyopuyo_Tests.release.xcconfig */;
			buildSettings = {
				DEVELOPMENT_TEAM = FJ535WN7FW;
				FRAMEWORK_SEARCH_PATHS = (
					"$(SDKROOT)/Developer/Library/Frameworks",
					"$(inherited)",
				);
				INFOPLIST_FILE = Tests/Info.plist;
				LD_RUNPATH_SEARCH_PATHS = "$(inherited) @executable_path/Frameworks @loader_path/Frameworks";
				PRODUCT_BUNDLE_IDENTIFIER = "org.cocoapods.$(PRODUCT_NAME:rfc1034identifier)";
				PRODUCT_NAME = "$(TARGET_NAME)";
				SWIFT_SWIFT3_OBJC_INFERENCE = Default;
				SWIFT_VERSION = 4.0;
				TEST_HOST = "$(BUILT_PRODUCTS_DIR)/Puyopuyo_Example.app/Puyopuyo_Example";
			};
			name = Release;
		};
/* End XCBuildConfiguration section */

/* Begin XCConfigurationList section */
		607FACCB1AFB9204008FA782 /* Build configuration list for PBXProject "Puyopuyo" */ = {
			isa = XCConfigurationList;
			buildConfigurations = (
				607FACED1AFB9204008FA782 /* Debug */,
				607FACEE1AFB9204008FA782 /* Release */,
			);
			defaultConfigurationIsVisible = 0;
			defaultConfigurationName = Release;
		};
		607FACEF1AFB9204008FA782 /* Build configuration list for PBXNativeTarget "Puyopuyo_Example" */ = {
			isa = XCConfigurationList;
			buildConfigurations = (
				607FACF01AFB9204008FA782 /* Debug */,
				607FACF11AFB9204008FA782 /* Release */,
			);
			defaultConfigurationIsVisible = 0;
			defaultConfigurationName = Release;
		};
		607FACF21AFB9204008FA782 /* Build configuration list for PBXNativeTarget "Puyopuyo_Tests" */ = {
			isa = XCConfigurationList;
			buildConfigurations = (
				607FACF31AFB9204008FA782 /* Debug */,
				607FACF41AFB9204008FA782 /* Release */,
			);
			defaultConfigurationIsVisible = 0;
			defaultConfigurationName = Release;
		};
/* End XCConfigurationList section */
	};
	rootObject = 607FACC81AFB9204008FA782 /* Project object */;
}
